// !$*UTF8*$!
{
	archiveVersion = 1;
	classes = {
	};
	objectVersion = 48;
	objects = {

/* Begin PBXBuildFile section */
		0DB0DAFB1FC5A489007F0B96 /* LooponKit.framework in Frameworks */ = {isa = PBXBuildFile; fileRef = 0DB0DAF11FC5A488007F0B96 /* LooponKit.framework */; };
		0DB0DB001FC5A489007F0B96 /* LooponKitTests.swift in Sources */ = {isa = PBXBuildFile; fileRef = 0DB0DAFF1FC5A489007F0B96 /* LooponKitTests.swift */; };
		0DB0DB021FC5A489007F0B96 /* LooponKit.h in Headers */ = {isa = PBXBuildFile; fileRef = 0DB0DAF41FC5A489007F0B96 /* LooponKit.h */; settings = {ATTRIBUTES = (Public, ); }; };
		0DB0DB161FC5A4C8007F0B96 /* LooponChatSession.swift in Sources */ = {isa = PBXBuildFile; fileRef = 0DB0DB0B1FC5A4C8007F0B96 /* LooponChatSession.swift */; };
		0DB0DB171FC5A4C8007F0B96 /* LooponGuestStay.swift in Sources */ = {isa = PBXBuildFile; fileRef = 0DB0DB0C1FC5A4C8007F0B96 /* LooponGuestStay.swift */; };
		0DB0DB181FC5A4C8007F0B96 /* LooponChatMessage.swift in Sources */ = {isa = PBXBuildFile; fileRef = 0DB0DB0D1FC5A4C8007F0B96 /* LooponChatMessage.swift */; };
		0DB0DB191FC5A4C8007F0B96 /* LooponEvent.swift in Sources */ = {isa = PBXBuildFile; fileRef = 0DB0DB0E1FC5A4C8007F0B96 /* LooponEvent.swift */; };
		0DB0DB1A1FC5A4C8007F0B96 /* LooponSocket.swift in Sources */ = {isa = PBXBuildFile; fileRef = 0DB0DB0F1FC5A4C8007F0B96 /* LooponSocket.swift */; };
		0DB0DB1B1FC5A4C8007F0B96 /* LooponUnit.swift in Sources */ = {isa = PBXBuildFile; fileRef = 0DB0DB101FC5A4C8007F0B96 /* LooponUnit.swift */; };
		0DB0DB1C1FC5A4C8007F0B96 /* LooponErrorMessage.swift in Sources */ = {isa = PBXBuildFile; fileRef = 0DB0DB111FC5A4C8007F0B96 /* LooponErrorMessage.swift */; };
		0DB0DB1D1FC5A4C8007F0B96 /* LooponAuthorization.swift in Sources */ = {isa = PBXBuildFile; fileRef = 0DB0DB121FC5A4C8007F0B96 /* LooponAuthorization.swift */; };
		0DB0DB1E1FC5A4C8007F0B96 /* LooponDate.swift in Sources */ = {isa = PBXBuildFile; fileRef = 0DB0DB131FC5A4C8007F0B96 /* LooponDate.swift */; };
		0DB0DB1F1FC5A4C8007F0B96 /* LooponGuest.swift in Sources */ = {isa = PBXBuildFile; fileRef = 0DB0DB141FC5A4C8007F0B96 /* LooponGuest.swift */; };
		0DB0DB201FC5A4C8007F0B96 /* String+Hash.swift in Sources */ = {isa = PBXBuildFile; fileRef = 0DB0DB151FC5A4C8007F0B96 /* String+Hash.swift */; };
		0DB0DB221FC5ACFA007F0B96 /* LooonTypingIndicator.swift in Sources */ = {isa = PBXBuildFile; fileRef = 0DB0DB211FC5ACFA007F0B96 /* LooonTypingIndicator.swift */; };
		0DB0DB241FC5AE30007F0B96 /* LooponComposer.swift in Sources */ = {isa = PBXBuildFile; fileRef = 0DB0DB231FC5AE30007F0B96 /* LooponComposer.swift */; };
		74356503C7CB0940FFAFCCCB /* Pods_LooponKitTests.framework in Frameworks */ = {isa = PBXBuildFile; fileRef = AFE3791B6D4DD9D972CC69CC /* Pods_LooponKitTests.framework */; };
		F98C479AD1FBA24BBCD6EB17 /* Pods_LooponKit.framework in Frameworks */ = {isa = PBXBuildFile; fileRef = 2DD595F4D372BA62689CFA5A /* Pods_LooponKit.framework */; };
/* End PBXBuildFile section */

/* Begin PBXContainerItemProxy section */
		0DB0DAFC1FC5A489007F0B96 /* PBXContainerItemProxy */ = {
			isa = PBXContainerItemProxy;
			containerPortal = 0DB0DAE81FC5A488007F0B96 /* Project object */;
			proxyType = 1;
			remoteGlobalIDString = 0DB0DAF01FC5A488007F0B96;
			remoteInfo = LooponKit;
		};
/* End PBXContainerItemProxy section */

/* Begin PBXFileReference section */
		0DB0DAF11FC5A488007F0B96 /* LooponKit.framework */ = {isa = PBXFileReference; explicitFileType = wrapper.framework; includeInIndex = 0; path = LooponKit.framework; sourceTree = BUILT_PRODUCTS_DIR; };
		0DB0DAF41FC5A489007F0B96 /* LooponKit.h */ = {isa = PBXFileReference; lastKnownFileType = sourcecode.c.h; path = LooponKit.h; sourceTree = "<group>"; };
		0DB0DAF51FC5A489007F0B96 /* Info.plist */ = {isa = PBXFileReference; lastKnownFileType = text.plist.xml; path = Info.plist; sourceTree = "<group>"; };
		0DB0DAFA1FC5A489007F0B96 /* LooponKitTests.xctest */ = {isa = PBXFileReference; explicitFileType = wrapper.cfbundle; includeInIndex = 0; path = LooponKitTests.xctest; sourceTree = BUILT_PRODUCTS_DIR; };
		0DB0DAFF1FC5A489007F0B96 /* LooponKitTests.swift */ = {isa = PBXFileReference; lastKnownFileType = sourcecode.swift; path = LooponKitTests.swift; sourceTree = "<group>"; };
		0DB0DB011FC5A489007F0B96 /* Info.plist */ = {isa = PBXFileReference; lastKnownFileType = text.plist.xml; path = Info.plist; sourceTree = "<group>"; };
		0DB0DB0B1FC5A4C8007F0B96 /* LooponChatSession.swift */ = {isa = PBXFileReference; fileEncoding = 4; lastKnownFileType = sourcecode.swift; path = LooponChatSession.swift; sourceTree = "<group>"; };
		0DB0DB0C1FC5A4C8007F0B96 /* LooponGuestStay.swift */ = {isa = PBXFileReference; fileEncoding = 4; lastKnownFileType = sourcecode.swift; path = LooponGuestStay.swift; sourceTree = "<group>"; };
		0DB0DB0D1FC5A4C8007F0B96 /* LooponChatMessage.swift */ = {isa = PBXFileReference; fileEncoding = 4; lastKnownFileType = sourcecode.swift; path = LooponChatMessage.swift; sourceTree = "<group>"; };
		0DB0DB0E1FC5A4C8007F0B96 /* LooponEvent.swift */ = {isa = PBXFileReference; fileEncoding = 4; lastKnownFileType = sourcecode.swift; path = LooponEvent.swift; sourceTree = "<group>"; };
		0DB0DB0F1FC5A4C8007F0B96 /* LooponSocket.swift */ = {isa = PBXFileReference; fileEncoding = 4; lastKnownFileType = sourcecode.swift; path = LooponSocket.swift; sourceTree = "<group>"; };
		0DB0DB101FC5A4C8007F0B96 /* LooponUnit.swift */ = {isa = PBXFileReference; fileEncoding = 4; lastKnownFileType = sourcecode.swift; path = LooponUnit.swift; sourceTree = "<group>"; };
		0DB0DB111FC5A4C8007F0B96 /* LooponErrorMessage.swift */ = {isa = PBXFileReference; fileEncoding = 4; lastKnownFileType = sourcecode.swift; path = LooponErrorMessage.swift; sourceTree = "<group>"; };
		0DB0DB121FC5A4C8007F0B96 /* LooponAuthorization.swift */ = {isa = PBXFileReference; fileEncoding = 4; lastKnownFileType = sourcecode.swift; path = LooponAuthorization.swift; sourceTree = "<group>"; };
		0DB0DB131FC5A4C8007F0B96 /* LooponDate.swift */ = {isa = PBXFileReference; fileEncoding = 4; lastKnownFileType = sourcecode.swift; path = LooponDate.swift; sourceTree = "<group>"; };
		0DB0DB141FC5A4C8007F0B96 /* LooponGuest.swift */ = {isa = PBXFileReference; fileEncoding = 4; lastKnownFileType = sourcecode.swift; path = LooponGuest.swift; sourceTree = "<group>"; };
		0DB0DB151FC5A4C8007F0B96 /* String+Hash.swift */ = {isa = PBXFileReference; fileEncoding = 4; lastKnownFileType = sourcecode.swift; path = "String+Hash.swift"; sourceTree = "<group>"; };
		0DB0DB211FC5ACFA007F0B96 /* LooonTypingIndicator.swift */ = {isa = PBXFileReference; lastKnownFileType = sourcecode.swift; path = LooonTypingIndicator.swift; sourceTree = "<group>"; };
		0DB0DB231FC5AE30007F0B96 /* LooponComposer.swift */ = {isa = PBXFileReference; lastKnownFileType = sourcecode.swift; path = LooponComposer.swift; sourceTree = "<group>"; };
		2DD595F4D372BA62689CFA5A /* Pods_LooponKit.framework */ = {isa = PBXFileReference; explicitFileType = wrapper.framework; includeInIndex = 0; path = Pods_LooponKit.framework; sourceTree = BUILT_PRODUCTS_DIR; };
		652ED07B65E1F003F964F675 /* Pods-LooponKitTests.release.xcconfig */ = {isa = PBXFileReference; includeInIndex = 1; lastKnownFileType = text.xcconfig; name = "Pods-LooponKitTests.release.xcconfig"; path = "Pods/Target Support Files/Pods-LooponKitTests/Pods-LooponKitTests.release.xcconfig"; sourceTree = "<group>"; };
		754B1E52600D5FF387F93AFF /* Pods-LooponKitTests.debug.xcconfig */ = {isa = PBXFileReference; includeInIndex = 1; lastKnownFileType = text.xcconfig; name = "Pods-LooponKitTests.debug.xcconfig"; path = "Pods/Target Support Files/Pods-LooponKitTests/Pods-LooponKitTests.debug.xcconfig"; sourceTree = "<group>"; };
		A42F6BA7107BCB8D71E56A3B /* Pods-LooponKit.release.xcconfig */ = {isa = PBXFileReference; includeInIndex = 1; lastKnownFileType = text.xcconfig; name = "Pods-LooponKit.release.xcconfig"; path = "Pods/Target Support Files/Pods-LooponKit/Pods-LooponKit.release.xcconfig"; sourceTree = "<group>"; };
		AFE3791B6D4DD9D972CC69CC /* Pods_LooponKitTests.framework */ = {isa = PBXFileReference; explicitFileType = wrapper.framework; includeInIndex = 0; path = Pods_LooponKitTests.framework; sourceTree = BUILT_PRODUCTS_DIR; };
		E76151265388AA6213955688 /* Pods-LooponKit.debug.xcconfig */ = {isa = PBXFileReference; includeInIndex = 1; lastKnownFileType = text.xcconfig; name = "Pods-LooponKit.debug.xcconfig"; path = "Pods/Target Support Files/Pods-LooponKit/Pods-LooponKit.debug.xcconfig"; sourceTree = "<group>"; };
/* End PBXFileReference section */

/* Begin PBXFrameworksBuildPhase section */
		0DB0DAED1FC5A488007F0B96 /* Frameworks */ = {
			isa = PBXFrameworksBuildPhase;
			buildActionMask = 2147483647;
			files = (
				F98C479AD1FBA24BBCD6EB17 /* Pods_LooponKit.framework in Frameworks */,
			);
			runOnlyForDeploymentPostprocessing = 0;
		};
		0DB0DAF71FC5A489007F0B96 /* Frameworks */ = {
			isa = PBXFrameworksBuildPhase;
			buildActionMask = 2147483647;
			files = (
				0DB0DAFB1FC5A489007F0B96 /* LooponKit.framework in Frameworks */,
				74356503C7CB0940FFAFCCCB /* Pods_LooponKitTests.framework in Frameworks */,
			);
			runOnlyForDeploymentPostprocessing = 0;
		};
/* End PBXFrameworksBuildPhase section */

/* Begin PBXGroup section */
		0DB0DAE71FC5A488007F0B96 = {
			isa = PBXGroup;
			children = (
				0DB0DAF31FC5A489007F0B96 /* LooponKit */,
				0DB0DAFE1FC5A489007F0B96 /* LooponKitTests */,
				0DB0DAF21FC5A488007F0B96 /* Products */,
				9BC5DFA55EDC8E7DB7F59B13 /* Pods */,
				6132D2207517E224D5CEDB9B /* Frameworks */,
			);
			sourceTree = "<group>";
		};
		0DB0DAF21FC5A488007F0B96 /* Products */ = {
			isa = PBXGroup;
			children = (
				0DB0DAF11FC5A488007F0B96 /* LooponKit.framework */,
				0DB0DAFA1FC5A489007F0B96 /* LooponKitTests.xctest */,
			);
			name = Products;
			sourceTree = "<group>";
		};
		0DB0DAF31FC5A489007F0B96 /* LooponKit */ = {
			isa = PBXGroup;
			children = (
				0DB0DAF41FC5A489007F0B96 /* LooponKit.h */,
				0DB0DB121FC5A4C8007F0B96 /* LooponAuthorization.swift */,
				0DB0DB0D1FC5A4C8007F0B96 /* LooponChatMessage.swift */,
				0DB0DB0B1FC5A4C8007F0B96 /* LooponChatSession.swift */,
				0DB0DB231FC5AE30007F0B96 /* LooponComposer.swift */,
				0DB0DB131FC5A4C8007F0B96 /* LooponDate.swift */,
				0DB0DB111FC5A4C8007F0B96 /* LooponErrorMessage.swift */,
				0DB0DB0E1FC5A4C8007F0B96 /* LooponEvent.swift */,
				0DB0DB141FC5A4C8007F0B96 /* LooponGuest.swift */,
				0DB0DB0C1FC5A4C8007F0B96 /* LooponGuestStay.swift */,
				0DB0DB0F1FC5A4C8007F0B96 /* LooponSocket.swift */,
				0DB0DB211FC5ACFA007F0B96 /* LooonTypingIndicator.swift */,
				0DB0DB101FC5A4C8007F0B96 /* LooponUnit.swift */,
				0DB0DB151FC5A4C8007F0B96 /* String+Hash.swift */,
				0DB0DAF51FC5A489007F0B96 /* Info.plist */,
			);
			path = LooponKit;
			sourceTree = "<group>";
		};
		0DB0DAFE1FC5A489007F0B96 /* LooponKitTests */ = {
			isa = PBXGroup;
			children = (
				0DB0DAFF1FC5A489007F0B96 /* LooponKitTests.swift */,
				0DB0DB011FC5A489007F0B96 /* Info.plist */,
			);
			path = LooponKitTests;
			sourceTree = "<group>";
		};
		6132D2207517E224D5CEDB9B /* Frameworks */ = {
			isa = PBXGroup;
			children = (
				2DD595F4D372BA62689CFA5A /* Pods_LooponKit.framework */,
				AFE3791B6D4DD9D972CC69CC /* Pods_LooponKitTests.framework */,
			);
			name = Frameworks;
			sourceTree = "<group>";
		};
		9BC5DFA55EDC8E7DB7F59B13 /* Pods */ = {
			isa = PBXGroup;
			children = (
				E76151265388AA6213955688 /* Pods-LooponKit.debug.xcconfig */,
				A42F6BA7107BCB8D71E56A3B /* Pods-LooponKit.release.xcconfig */,
				754B1E52600D5FF387F93AFF /* Pods-LooponKitTests.debug.xcconfig */,
				652ED07B65E1F003F964F675 /* Pods-LooponKitTests.release.xcconfig */,
			);
			name = Pods;
			sourceTree = "<group>";
		};
/* End PBXGroup section */

/* Begin PBXHeadersBuildPhase section */
		0DB0DAEE1FC5A488007F0B96 /* Headers */ = {
			isa = PBXHeadersBuildPhase;
			buildActionMask = 2147483647;
			files = (
				0DB0DB021FC5A489007F0B96 /* LooponKit.h in Headers */,
			);
			runOnlyForDeploymentPostprocessing = 0;
		};
/* End PBXHeadersBuildPhase section */

/* Begin PBXNativeTarget section */
		0DB0DAF01FC5A488007F0B96 /* LooponKit */ = {
			isa = PBXNativeTarget;
			buildConfigurationList = 0DB0DB051FC5A489007F0B96 /* Build configuration list for PBXNativeTarget "LooponKit" */;
			buildPhases = (
				F69602841AB67520DCECF36F /* [CP] Check Pods Manifest.lock */,
				0DB0DAEC1FC5A488007F0B96 /* Sources */,
				0DB0DAED1FC5A488007F0B96 /* Frameworks */,
				0DB0DAEE1FC5A488007F0B96 /* Headers */,
				0DB0DAEF1FC5A488007F0B96 /* Resources */,
				48C5AD7926CF0CDE9AA874D7 /* [CP] Copy Pods Resources */,
			);
			buildRules = (
			);
			dependencies = (
			);
			name = LooponKit;
			productName = LooponKit;
			productReference = 0DB0DAF11FC5A488007F0B96 /* LooponKit.framework */;
			productType = "com.apple.product-type.framework";
		};
		0DB0DAF91FC5A489007F0B96 /* LooponKitTests */ = {
			isa = PBXNativeTarget;
			buildConfigurationList = 0DB0DB081FC5A489007F0B96 /* Build configuration list for PBXNativeTarget "LooponKitTests" */;
			buildPhases = (
				E25D3B1B8DABD68822A8A8B2 /* [CP] Check Pods Manifest.lock */,
				0DB0DAF61FC5A489007F0B96 /* Sources */,
				0DB0DAF71FC5A489007F0B96 /* Frameworks */,
				0DB0DAF81FC5A489007F0B96 /* Resources */,
				A58CFDA2B680C8AF33A6B0E3 /* [CP] Embed Pods Frameworks */,
				5A1344765F57CE66DBED5A06 /* [CP] Copy Pods Resources */,
			);
			buildRules = (
			);
			dependencies = (
				0DB0DAFD1FC5A489007F0B96 /* PBXTargetDependency */,
			);
			name = LooponKitTests;
			productName = LooponKitTests;
			productReference = 0DB0DAFA1FC5A489007F0B96 /* LooponKitTests.xctest */;
			productType = "com.apple.product-type.bundle.unit-test";
		};
/* End PBXNativeTarget section */

/* Begin PBXProject section */
		0DB0DAE81FC5A488007F0B96 /* Project object */ = {
			isa = PBXProject;
			attributes = {
				LastSwiftUpdateCheck = 0910;
				LastUpgradeCheck = 0910;
				ORGANIZATIONNAME = "Loopon AB";
				TargetAttributes = {
					0DB0DAF01FC5A488007F0B96 = {
						CreatedOnToolsVersion = 9.1;
						LastSwiftMigration = 0910;
						ProvisioningStyle = Automatic;
					};
					0DB0DAF91FC5A489007F0B96 = {
						CreatedOnToolsVersion = 9.1;
						ProvisioningStyle = Automatic;
					};
				};
			};
			buildConfigurationList = 0DB0DAEB1FC5A488007F0B96 /* Build configuration list for PBXProject "LooponKit" */;
			compatibilityVersion = "Xcode 8.0";
			developmentRegion = en;
			hasScannedForEncodings = 0;
			knownRegions = (
				en,
			);
			mainGroup = 0DB0DAE71FC5A488007F0B96;
			productRefGroup = 0DB0DAF21FC5A488007F0B96 /* Products */;
			projectDirPath = "";
			projectRoot = "";
			targets = (
				0DB0DAF01FC5A488007F0B96 /* LooponKit */,
				0DB0DAF91FC5A489007F0B96 /* LooponKitTests */,
			);
		};
/* End PBXProject section */

/* Begin PBXResourcesBuildPhase section */
		0DB0DAEF1FC5A488007F0B96 /* Resources */ = {
			isa = PBXResourcesBuildPhase;
			buildActionMask = 2147483647;
			files = (
			);
			runOnlyForDeploymentPostprocessing = 0;
		};
		0DB0DAF81FC5A489007F0B96 /* Resources */ = {
			isa = PBXResourcesBuildPhase;
			buildActionMask = 2147483647;
			files = (
			);
			runOnlyForDeploymentPostprocessing = 0;
		};
/* End PBXResourcesBuildPhase section */

/* Begin PBXShellScriptBuildPhase section */
		48C5AD7926CF0CDE9AA874D7 /* [CP] Copy Pods Resources */ = {
			isa = PBXShellScriptBuildPhase;
			buildActionMask = 2147483647;
			files = (
			);
			inputPaths = (
			);
			name = "[CP] Copy Pods Resources";
			outputPaths = (
			);
			runOnlyForDeploymentPostprocessing = 0;
			shellPath = /bin/sh;
			shellScript = "\"${SRCROOT}/Pods/Target Support Files/Pods-LooponKit/Pods-LooponKit-resources.sh\"\n";
			showEnvVarsInLog = 0;
		};
		5A1344765F57CE66DBED5A06 /* [CP] Copy Pods Resources */ = {
			isa = PBXShellScriptBuildPhase;
			buildActionMask = 2147483647;
			files = (
			);
			inputPaths = (
			);
			name = "[CP] Copy Pods Resources";
			outputPaths = (
			);
			runOnlyForDeploymentPostprocessing = 0;
			shellPath = /bin/sh;
			shellScript = "\"${SRCROOT}/Pods/Target Support Files/Pods-LooponKitTests/Pods-LooponKitTests-resources.sh\"\n";
			showEnvVarsInLog = 0;
		};
		A58CFDA2B680C8AF33A6B0E3 /* [CP] Embed Pods Frameworks */ = {
			isa = PBXShellScriptBuildPhase;
			buildActionMask = 2147483647;
			files = (
			);
			inputPaths = (
				"${SRCROOT}/Pods/Target Support Files/Pods-LooponKitTests/Pods-LooponKitTests-frameworks.sh",
				"${BUILT_PRODUCTS_DIR}/SocketRocket/SocketRocket.framework",
			);
			name = "[CP] Embed Pods Frameworks";
			outputPaths = (
				"${TARGET_BUILD_DIR}/${FRAMEWORKS_FOLDER_PATH}/SocketRocket.framework",
			);
			runOnlyForDeploymentPostprocessing = 0;
			shellPath = /bin/sh;
			shellScript = "\"${SRCROOT}/Pods/Target Support Files/Pods-LooponKitTests/Pods-LooponKitTests-frameworks.sh\"\n";
			showEnvVarsInLog = 0;
		};
		E25D3B1B8DABD68822A8A8B2 /* [CP] Check Pods Manifest.lock */ = {
			isa = PBXShellScriptBuildPhase;
			buildActionMask = 2147483647;
			files = (
			);
			inputPaths = (
				"${PODS_PODFILE_DIR_PATH}/Podfile.lock",
				"${PODS_ROOT}/Manifest.lock",
			);
			name = "[CP] Check Pods Manifest.lock";
			outputPaths = (
				"$(DERIVED_FILE_DIR)/Pods-LooponKitTests-checkManifestLockResult.txt",
			);
			runOnlyForDeploymentPostprocessing = 0;
			shellPath = /bin/sh;
			shellScript = "diff \"${PODS_PODFILE_DIR_PATH}/Podfile.lock\" \"${PODS_ROOT}/Manifest.lock\" > /dev/null\nif [ $? != 0 ] ; then\n    # print error to STDERR\n    echo \"error: The sandbox is not in sync with the Podfile.lock. Run 'pod install' or update your CocoaPods installation.\" >&2\n    exit 1\nfi\n# This output is used by Xcode 'outputs' to avoid re-running this script phase.\necho \"SUCCESS\" > \"${SCRIPT_OUTPUT_FILE_0}\"\n";
			showEnvVarsInLog = 0;
		};
		F69602841AB67520DCECF36F /* [CP] Check Pods Manifest.lock */ = {
			isa = PBXShellScriptBuildPhase;
			buildActionMask = 2147483647;
			files = (
			);
			inputPaths = (
				"${PODS_PODFILE_DIR_PATH}/Podfile.lock",
				"${PODS_ROOT}/Manifest.lock",
			);
			name = "[CP] Check Pods Manifest.lock";
			outputPaths = (
				"$(DERIVED_FILE_DIR)/Pods-LooponKit-checkManifestLockResult.txt",
			);
			runOnlyForDeploymentPostprocessing = 0;
			shellPath = /bin/sh;
			shellScript = "diff \"${PODS_PODFILE_DIR_PATH}/Podfile.lock\" \"${PODS_ROOT}/Manifest.lock\" > /dev/null\nif [ $? != 0 ] ; then\n    # print error to STDERR\n    echo \"error: The sandbox is not in sync with the Podfile.lock. Run 'pod install' or update your CocoaPods installation.\" >&2\n    exit 1\nfi\n# This output is used by Xcode 'outputs' to avoid re-running this script phase.\necho \"SUCCESS\" > \"${SCRIPT_OUTPUT_FILE_0}\"\n";
			showEnvVarsInLog = 0;
		};
/* End PBXShellScriptBuildPhase section */

/* Begin PBXSourcesBuildPhase section */
		0DB0DAEC1FC5A488007F0B96 /* Sources */ = {
			isa = PBXSourcesBuildPhase;
			buildActionMask = 2147483647;
			files = (
				0DB0DB1C1FC5A4C8007F0B96 /* LooponErrorMessage.swift in Sources */,
				0DB0DB1F1FC5A4C8007F0B96 /* LooponGuest.swift in Sources */,
				0DB0DB201FC5A4C8007F0B96 /* String+Hash.swift in Sources */,
				0DB0DB241FC5AE30007F0B96 /* LooponComposer.swift in Sources */,
				0DB0DB1B1FC5A4C8007F0B96 /* LooponUnit.swift in Sources */,
				0DB0DB221FC5ACFA007F0B96 /* LooonTypingIndicator.swift in Sources */,
				0DB0DB1E1FC5A4C8007F0B96 /* LooponDate.swift in Sources */,
				0DB0DB171FC5A4C8007F0B96 /* LooponGuestStay.swift in Sources */,
				0DB0DB191FC5A4C8007F0B96 /* LooponEvent.swift in Sources */,
				0DB0DB1D1FC5A4C8007F0B96 /* LooponAuthorization.swift in Sources */,
				0DB0DB1A1FC5A4C8007F0B96 /* LooponSocket.swift in Sources */,
				0DB0DB181FC5A4C8007F0B96 /* LooponChatMessage.swift in Sources */,
				0DB0DB161FC5A4C8007F0B96 /* LooponChatSession.swift in Sources */,
			);
			runOnlyForDeploymentPostprocessing = 0;
		};
		0DB0DAF61FC5A489007F0B96 /* Sources */ = {
			isa = PBXSourcesBuildPhase;
			buildActionMask = 2147483647;
			files = (
				0DB0DB001FC5A489007F0B96 /* LooponKitTests.swift in Sources */,
			);
			runOnlyForDeploymentPostprocessing = 0;
		};
/* End PBXSourcesBuildPhase section */

/* Begin PBXTargetDependency section */
		0DB0DAFD1FC5A489007F0B96 /* PBXTargetDependency */ = {
			isa = PBXTargetDependency;
			target = 0DB0DAF01FC5A488007F0B96 /* LooponKit */;
			targetProxy = 0DB0DAFC1FC5A489007F0B96 /* PBXContainerItemProxy */;
		};
/* End PBXTargetDependency section */

/* Begin XCBuildConfiguration section */
		0DB0DB031FC5A489007F0B96 /* Debug */ = {
			isa = XCBuildConfiguration;
			buildSettings = {
				ALWAYS_SEARCH_USER_PATHS = NO;
				CLANG_ANALYZER_NONNULL = YES;
				CLANG_ANALYZER_NUMBER_OBJECT_CONVERSION = YES_AGGRESSIVE;
				CLANG_CXX_LANGUAGE_STANDARD = "gnu++14";
				CLANG_CXX_LIBRARY = "libc++";
				CLANG_ENABLE_MODULES = YES;
				CLANG_ENABLE_OBJC_ARC = YES;
				CLANG_WARN_BLOCK_CAPTURE_AUTORELEASING = YES;
				CLANG_WARN_BOOL_CONVERSION = YES;
				CLANG_WARN_COMMA = YES;
				CLANG_WARN_CONSTANT_CONVERSION = YES;
				CLANG_WARN_DIRECT_OBJC_ISA_USAGE = YES_ERROR;
				CLANG_WARN_DOCUMENTATION_COMMENTS = YES;
				CLANG_WARN_EMPTY_BODY = YES;
				CLANG_WARN_ENUM_CONVERSION = YES;
				CLANG_WARN_INFINITE_RECURSION = YES;
				CLANG_WARN_INT_CONVERSION = YES;
				CLANG_WARN_NON_LITERAL_NULL_CONVERSION = YES;
				CLANG_WARN_OBJC_LITERAL_CONVERSION = YES;
				CLANG_WARN_OBJC_ROOT_CLASS = YES_ERROR;
				CLANG_WARN_RANGE_LOOP_ANALYSIS = YES;
				CLANG_WARN_STRICT_PROTOTYPES = YES;
				CLANG_WARN_SUSPICIOUS_MOVE = YES;
				CLANG_WARN_UNGUARDED_AVAILABILITY = YES_AGGRESSIVE;
				CLANG_WARN_UNREACHABLE_CODE = YES;
				CLANG_WARN__DUPLICATE_METHOD_MATCH = YES;
				CODE_SIGN_IDENTITY = "iPhone Developer";
				COPY_PHASE_STRIP = NO;
				CURRENT_PROJECT_VERSION = 1;
				DEBUG_INFORMATION_FORMAT = dwarf;
				ENABLE_STRICT_OBJC_MSGSEND = YES;
				ENABLE_TESTABILITY = YES;
				GCC_C_LANGUAGE_STANDARD = gnu11;
				GCC_DYNAMIC_NO_PIC = NO;
				GCC_NO_COMMON_BLOCKS = YES;
				GCC_OPTIMIZATION_LEVEL = 0;
				GCC_PREPROCESSOR_DEFINITIONS = (
					"DEBUG=1",
					"$(inherited)",
				);
				GCC_WARN_64_TO_32_BIT_CONVERSION = YES;
				GCC_WARN_ABOUT_RETURN_TYPE = YES_ERROR;
				GCC_WARN_UNDECLARED_SELECTOR = YES;
				GCC_WARN_UNINITIALIZED_AUTOS = YES_AGGRESSIVE;
				GCC_WARN_UNUSED_FUNCTION = YES;
				GCC_WARN_UNUSED_VARIABLE = YES;
				IPHONEOS_DEPLOYMENT_TARGET = 9.0;
				MTL_ENABLE_DEBUG_INFO = YES;
				ONLY_ACTIVE_ARCH = YES;
				SDKROOT = iphoneos;
				SWIFT_ACTIVE_COMPILATION_CONDITIONS = DEBUG;
				SWIFT_OPTIMIZATION_LEVEL = "-Onone";
				VERSIONING_SYSTEM = "apple-generic";
				VERSION_INFO_PREFIX = "";
			};
			name = Debug;
		};
		0DB0DB041FC5A489007F0B96 /* Release */ = {
			isa = XCBuildConfiguration;
			buildSettings = {
				ALWAYS_SEARCH_USER_PATHS = NO;
				CLANG_ANALYZER_NONNULL = YES;
				CLANG_ANALYZER_NUMBER_OBJECT_CONVERSION = YES_AGGRESSIVE;
				CLANG_CXX_LANGUAGE_STANDARD = "gnu++14";
				CLANG_CXX_LIBRARY = "libc++";
				CLANG_ENABLE_MODULES = YES;
				CLANG_ENABLE_OBJC_ARC = YES;
				CLANG_WARN_BLOCK_CAPTURE_AUTORELEASING = YES;
				CLANG_WARN_BOOL_CONVERSION = YES;
				CLANG_WARN_COMMA = YES;
				CLANG_WARN_CONSTANT_CONVERSION = YES;
				CLANG_WARN_DIRECT_OBJC_ISA_USAGE = YES_ERROR;
				CLANG_WARN_DOCUMENTATION_COMMENTS = YES;
				CLANG_WARN_EMPTY_BODY = YES;
				CLANG_WARN_ENUM_CONVERSION = YES;
				CLANG_WARN_INFINITE_RECURSION = YES;
				CLANG_WARN_INT_CONVERSION = YES;
				CLANG_WARN_NON_LITERAL_NULL_CONVERSION = YES;
				CLANG_WARN_OBJC_LITERAL_CONVERSION = YES;
				CLANG_WARN_OBJC_ROOT_CLASS = YES_ERROR;
				CLANG_WARN_RANGE_LOOP_ANALYSIS = YES;
				CLANG_WARN_STRICT_PROTOTYPES = YES;
				CLANG_WARN_SUSPICIOUS_MOVE = YES;
				CLANG_WARN_UNGUARDED_AVAILABILITY = YES_AGGRESSIVE;
				CLANG_WARN_UNREACHABLE_CODE = YES;
				CLANG_WARN__DUPLICATE_METHOD_MATCH = YES;
				CODE_SIGN_IDENTITY = "iPhone Developer";
				COPY_PHASE_STRIP = NO;
				CURRENT_PROJECT_VERSION = 1;
				DEBUG_INFORMATION_FORMAT = "dwarf-with-dsym";
				ENABLE_NS_ASSERTIONS = NO;
				ENABLE_STRICT_OBJC_MSGSEND = YES;
				GCC_C_LANGUAGE_STANDARD = gnu11;
				GCC_NO_COMMON_BLOCKS = YES;
				GCC_WARN_64_TO_32_BIT_CONVERSION = YES;
				GCC_WARN_ABOUT_RETURN_TYPE = YES_ERROR;
				GCC_WARN_UNDECLARED_SELECTOR = YES;
				GCC_WARN_UNINITIALIZED_AUTOS = YES_AGGRESSIVE;
				GCC_WARN_UNUSED_FUNCTION = YES;
				GCC_WARN_UNUSED_VARIABLE = YES;
				IPHONEOS_DEPLOYMENT_TARGET = 9.0;
				MTL_ENABLE_DEBUG_INFO = NO;
				SDKROOT = iphoneos;
				SWIFT_OPTIMIZATION_LEVEL = "-Owholemodule";
				VALIDATE_PRODUCT = YES;
				VERSIONING_SYSTEM = "apple-generic";
				VERSION_INFO_PREFIX = "";
			};
			name = Release;
		};
		0DB0DB061FC5A489007F0B96 /* Debug */ = {
			isa = XCBuildConfiguration;
			baseConfigurationReference = E76151265388AA6213955688 /* Pods-LooponKit.debug.xcconfig */;
			buildSettings = {
				CLANG_ENABLE_MODULES = YES;
				CODE_SIGN_IDENTITY = "";
				CODE_SIGN_STYLE = Automatic;
				DEFINES_MODULE = YES;
				DEVELOPMENT_TEAM = 6KYJ233SU6;
				DYLIB_COMPATIBILITY_VERSION = 1;
				DYLIB_CURRENT_VERSION = 1;
				DYLIB_INSTALL_NAME_BASE = "@rpath";
				INFOPLIST_FILE = LooponKit/Info.plist;
				INSTALL_PATH = "$(LOCAL_LIBRARY_DIR)/Frameworks";
				LD_RUNPATH_SEARCH_PATHS = "$(inherited) @executable_path/Frameworks @loader_path/Frameworks";
				PRODUCT_BUNDLE_IDENTIFIER = com.loopon.LooponKit;
				PRODUCT_NAME = "$(TARGET_NAME:c99extidentifier)";
				SKIP_INSTALL = YES;
				SWIFT_INCLUDE_PATHS = LooponKit/CommonCrypto;
				SWIFT_OPTIMIZATION_LEVEL = "-Onone";
				SWIFT_VERSION = 4.0;
				TARGETED_DEVICE_FAMILY = "1,2";
			};
			name = Debug;
		};
		0DB0DB071FC5A489007F0B96 /* Release */ = {
			isa = XCBuildConfiguration;
			baseConfigurationReference = A42F6BA7107BCB8D71E56A3B /* Pods-LooponKit.release.xcconfig */;
			buildSettings = {
				CLANG_ENABLE_MODULES = YES;
				CODE_SIGN_IDENTITY = "";
				CODE_SIGN_STYLE = Automatic;
				DEFINES_MODULE = YES;
				DEVELOPMENT_TEAM = 6KYJ233SU6;
				DYLIB_COMPATIBILITY_VERSION = 1;
				DYLIB_CURRENT_VERSION = 1;
				DYLIB_INSTALL_NAME_BASE = "@rpath";
				INFOPLIST_FILE = LooponKit/Info.plist;
				INSTALL_PATH = "$(LOCAL_LIBRARY_DIR)/Frameworks";
				LD_RUNPATH_SEARCH_PATHS = "$(inherited) @executable_path/Frameworks @loader_path/Frameworks";
				PRODUCT_BUNDLE_IDENTIFIER = com.loopon.LooponKit;
				PRODUCT_NAME = "$(TARGET_NAME:c99extidentifier)";
				SKIP_INSTALL = NO;
				SWIFT_INCLUDE_PATHS = LooponKit/CommonCrypto;
				SWIFT_VERSION = 4.0;
				TARGETED_DEVICE_FAMILY = "1,2";
			};
			name = Release;
		};
		0DB0DB091FC5A489007F0B96 /* Debug */ = {
			isa = XCBuildConfiguration;
			baseConfigurationReference = 754B1E52600D5FF387F93AFF /* Pods-LooponKitTests.debug.xcconfig */;
			buildSettings = {
				ALWAYS_EMBED_SWIFT_STANDARD_LIBRARIES = YES;
				CODE_SIGN_STYLE = Automatic;
				DEVELOPMENT_TEAM = 6KYJ233SU6;
				INFOPLIST_FILE = LooponKitTests/Info.plist;
				LD_RUNPATH_SEARCH_PATHS = "$(inherited) @executable_path/Frameworks @loader_path/Frameworks";
				PRODUCT_BUNDLE_IDENTIFIER = com.loopon.LooponKitTests;
				PRODUCT_NAME = "$(TARGET_NAME)";
				SWIFT_VERSION = 4.0;
				TARGETED_DEVICE_FAMILY = "1,2";
			};
			name = Debug;
		};
		0DB0DB0A1FC5A489007F0B96 /* Release */ = {
			isa = XCBuildConfiguration;
			baseConfigurationReference = 652ED07B65E1F003F964F675 /* Pods-LooponKitTests.release.xcconfig */;
			buildSettings = {
				ALWAYS_EMBED_SWIFT_STANDARD_LIBRARIES = YES;
				CODE_SIGN_STYLE = Automatic;
				DEVELOPMENT_TEAM = 6KYJ233SU6;
				INFOPLIST_FILE = LooponKitTests/Info.plist;
				LD_RUNPATH_SEARCH_PATHS = "$(inherited) @executable_path/Frameworks @loader_path/Frameworks";
				PRODUCT_BUNDLE_IDENTIFIER = com.loopon.LooponKitTests;
				PRODUCT_NAME = "$(TARGET_NAME)";
				SWIFT_VERSION = 4.0;
				TARGETED_DEVICE_FAMILY = "1,2";
			};
			name = Release;
		};
/* End XCBuildConfiguration section */

/* Begin XCConfigurationList section */
		0DB0DAEB1FC5A488007F0B96 /* Build configuration list for PBXProject "LooponKit" */ = {
			isa = XCConfigurationList;
			buildConfigurations = (
				0DB0DB031FC5A489007F0B96 /* Debug */,
				0DB0DB041FC5A489007F0B96 /* Release */,
			);
			defaultConfigurationIsVisible = 0;
			defaultConfigurationName = Release;
		};
		0DB0DB051FC5A489007F0B96 /* Build configuration list for PBXNativeTarget "LooponKit" */ = {
			isa = XCConfigurationList;
			buildConfigurations = (
				0DB0DB061FC5A489007F0B96 /* Debug */,
				0DB0DB071FC5A489007F0B96 /* Release */,
			);
			defaultConfigurationIsVisible = 0;
			defaultConfigurationName = Release;
		};
		0DB0DB081FC5A489007F0B96 /* Build configuration list for PBXNativeTarget "LooponKitTests" */ = {
			isa = XCConfigurationList;
			buildConfigurations = (
				0DB0DB091FC5A489007F0B96 /* Debug */,
				0DB0DB0A1FC5A489007F0B96 /* Release */,
			);
			defaultConfigurationIsVisible = 0;
			defaultConfigurationName = Release;
		};
/* End XCConfigurationList section */
	};
	rootObject = 0DB0DAE81FC5A488007F0B96 /* Project object */;
}
